dependencies:
- alias: ""
  condition: ""
  enabled: false
  import-values: null
  name: gitlab-runner
  repository: https://charts.gitlab.io/
  tags: null
  version: 0.1.9
digest: sha256:e3f28f3ef931427e7173309b904b25006b7df5b6b172f050fb1318ac0822d7a9
generated: 2017-08-06T01:03:49.186687157-04:00
