dependencies:
- name: redis
  repository: https://kubernetes-charts.storage.googleapis.com/
  version: 0.4.6
- name: postgresql
  repository: https://kubernetes-charts.storage.googleapis.com/
  version: 0.6.0
digest: sha256:3dba97b54524306ff594207690b7d4e3bc6be86ec4fdb06c1e86e862a0a75fba
generated: 2017-08-28T15:24:48.854346371-05:00
