dependencies:
- alias: ""
  condition: ""
  enabled: false
  import-values: null
  name: gitlab-runner
  repository: https://charts.gitlab.io/
  tags: null
  version: 0.1.10
digest: sha256:6974242a0d907d0c94c955fd072172e1d29868a8d19cb79dc2b9c25d45061560
generated: 2017-08-31T14:55:55.873164582-07:00
