dependencies:
- alias: ""
  condition: ""
  enabled: false
  import-values: null
  name: gitlab-runner
  repository: https://charts.gitlab.io/
  tags: null
  version: 0.1.7
digest: sha256:c5a8cf2decce9118fc531f03f08ca4c51912814aeb88159033994ba34cd0f00f
generated: 2017-06-23T07:33:44.327893066-07:00
